
Microsoft Visual Studio Solution File, Format Version 12.00
# Visual Studio 2013
VisualStudioVersion = 12.0.31101.0
MinimumVisualStudioVersion = 10.0.40219.1
Project("{FAE04EC0-301F-11D3-BF4B-00C04F79EFBC}") = "SocietyAnalysisWeb", "SocietyAnalysisWeb\SocietyAnalysisWeb.csproj", "{74C2B83F-9034-4161-81F6-9E7366DC7FC0}"
EndProject
Global
	GlobalSection(SolutionConfigurationPlatforms) = preSolution
		Debug|Any CPU = Debug|Any CPU
		Release|Any CPU = Release|Any CPU
	EndGlobalSection
	GlobalSection(ProjectConfigurationPlatforms) = postSolution
		{74C2B83F-9034-4161-81F6-9E7366DC7FC0}.Debug|Any CPU.ActiveCfg = Debug|Any CPU
		{74C2B83F-9034-4161-81F6-9E7366DC7FC0}.Debug|Any CPU.Build.0 = Debug|Any CPU
		{74C2B83F-9034-4161-81F6-9E7366DC7FC0}.Release|Any CPU.ActiveCfg = Release|Any CPU
		{74C2B83F-9034-4161-81F6-9E7366DC7FC0}.Release|Any CPU.Build.0 = Release|Any CPU
	EndGlobalSection
	GlobalSection(SolutionProperties) = preSolution
		HideSolutionNode = FALSE
	EndGlobalSection
EndGlobal
